github.com/DATA-DOG/go-sqlmock v1.5.2 h1:OcvFkGmslmlZibjAjaHm3L//6LiuBgolP7OputlJIzU=
github.com/DATA-DOG/go-sqlmock v1.5.2/go.mod h1:88MAG/4G7SMwSE3CeA0ZKzrT5CiOU3OJ+JlNzwDqpNU=
github.com/TwiN/go-color v1.1.0 h1:yhLAHgjp2iAxmNjDiVb6Z073NE65yoaPlcki1Q22yyQ=
github.com/TwiN/go-color v1.1.0/go.mod h1:aKVf4e1mD4ai2FtPifkDPP5iyoCwiK08YGzGwerjKo0=
github.com/go-sql-driver/mysql v1.7.1 h1:lUIinVbN1DY0xBg0eMOzmmtGoHwWBbvnWubQUrtU8EI=
github.com/go-sql-driver/mysql v1.7.1/go.mod h1:OXbVy3sEdcQ2Doequ6Z5BW6fXNQTmx+9S1MCJN5yJMI=
github.com/joho/godotenv v1.5.1 h1:7eLL/+HRGLY0ldzfGMeQkb7vMd0as4CfYvUVzLqw0N0=
github.com/joho/godotenv v1.5.1/go.mod h1:f4LDr5Voq0i2e/R5DDNOoa2zzDfwtkZa6DnEwAbqwq4=
github.com/kisielk/sqlstruct v0.0.0-20201105191214-5f3e10d3ab46/go.mod h1:yyMNCyc/Ib3bDTKd379tNMpB/7/H5TjM2Y9QJ5THLbE=
github.com/spoonboy-io/dozer v1.0.0 h1:r2Mj5NWTz6Z2knOL4nf9fx07MHhzSC0b+yhAIbRLAU0=
github.com/spoonboy-io/dozer v1.0.0/go.mod h1:ufcrdb5qpaD5mrgDHxzgh4jV8GsWNuL7Zecy1B1KLSo=
github.com/spoonboy-io/koan v0.1.0 h1:TMxuDoAMwlVS3no8mjxixUgUUroO4Wvtf0lFcsc7e4g=
github.com/spoonboy-io/koan v0.1.0/go.mod h1:QrBU2nmL9EEPfQykbLrjZs+M7PHRvgefUJpd4lUCWXo=
github.com/spoonboy-io/reprise v0.0.1 h1:cwl0ejT0GTe1Cqk8lx27Imn3O940D3ztwygFHxknDhc=
github.com/spoonboy-io/reprise v0.0.1/go.mod h1:t4PgU58+cSx4MyA4Ra8nPUIovQq+vZCCn4MUt47B0fw=
gopkg.in/check.v1 v0.0.0-20161208181325-20d25e280405 h1:yhCVgyC4o1eVCa2tZl7eS0r+SDo693bJlVdllGtEeKM=
gopkg.in/check.v1 v0.0.0-20161208181325-20d25e280405/go.mod h1:Co6ibVJAznAaIkqp8huTwlJQCZ016jof/cbN4VW5Yz0=
gopkg.in/yaml.v2 v2.4.0 h1:D8xgwECY7CYvx+Y2n4sBz93Jn9JRvxdiyyo8CTfuKaY=
gopkg.in/yaml.v2 v2.4.0/go.mod h1:RDklbk79AGWmwhnvt/jBztapEOGDOx6ZbXqjP6csGnQ=
